// !$*UTF8*$!
{
	archiveVersion = 1;
	classes = {
	};
	objectVersion = 77;
	objects = {

/* Begin PBXBuildFile section */
		680692A42DBD7AF30083E9E0 /* RTDBService.swift in Sources */ = {isa = PBXBuildFile; fileRef = 680692A32DBD7AEE0083E9E0 /* RTDBService.swift */; };
		682960E52DBEAE710022C229 /* ProfileViewModel.swift in Sources */ = {isa = PBXBuildFile; fileRef = 682960E42DBEAE6D0022C229 /* ProfileViewModel.swift */; };
		682960E72DBEAE7F0022C229 /* ProfileView.swift in Sources */ = {isa = PBXBuildFile; fileRef = 682960E62DBEAE7C0022C229 /* ProfileView.swift */; };
		682D47D22DBA8ED9008634E7 /* ChatApp.swift in Sources */ = {isa = PBXBuildFile; fileRef = 682D47D12DBA8ED9008634E7 /* ChatApp.swift */; };
		682D47D42DBA8ED9008634E7 /* ContentView.swift in Sources */ = {isa = PBXBuildFile; fileRef = 682D47D32DBA8ED9008634E7 /* ContentView.swift */; };
		682D47D62DBA8EDB008634E7 /* Assets.xcassets in Resources */ = {isa = PBXBuildFile; fileRef = 682D47D52DBA8EDB008634E7 /* Assets.xcassets */; };
		682D48032DBA9432008634E7 /* FirebaseAnalytics in Frameworks */ = {isa = PBXBuildFile; productRef = 682D48022DBA9432008634E7 /* FirebaseAnalytics */; };
		682D48052DBA9432008634E7 /* FirebaseAuth in Frameworks */ = {isa = PBXBuildFile; productRef = 682D48042DBA9432008634E7 /* FirebaseAuth */; };
		682D48072DBA9432008634E7 /* FirebaseCore in Frameworks */ = {isa = PBXBuildFile; productRef = 682D48062DBA9432008634E7 /* FirebaseCore */; };
		682D48092DBA9432008634E7 /* FirebaseDatabase in Frameworks */ = {isa = PBXBuildFile; productRef = 682D48082DBA9432008634E7 /* FirebaseDatabase */; };
		682D480B2DBA9432008634E7 /* FirebaseFirestore in Frameworks */ = {isa = PBXBuildFile; productRef = 682D480A2DBA9432008634E7 /* FirebaseFirestore */; };
		682D480D2DBA9432008634E7 /* FirebaseStorage in Frameworks */ = {isa = PBXBuildFile; productRef = 682D480C2DBA9432008634E7 /* FirebaseStorage */; };
		682D48102DBA94B3008634E7 /* .gitignore in Resources */ = {isa = PBXBuildFile; fileRef = 682D480F2DBA94AF008634E7 /* .gitignore */; };
		68CD1AFF2DBA952F007CFF30 /* GoogleService-Info.plist in Resources */ = {isa = PBXBuildFile; fileRef = 68CD1AFE2DBA952F007CFF30 /* GoogleService-Info.plist */; };
		68CD1B032DBA96C5007CFF30 /* FirestoreService.swift in Sources */ = {isa = PBXBuildFile; fileRef = 682D47FE2DBA91A8008634E7 /* FirestoreService.swift */; };
		68CD1B052DBA96CF007CFF30 /* ChannelRowView.swift in Sources */ = {isa = PBXBuildFile; fileRef = 682D47FC2DBA9196008634E7 /* ChannelRowView.swift */; };
		68CD1B062DBA96D5007CFF30 /* LoginView.swift in Sources */ = {isa = PBXBuildFile; fileRef = 682D47EC2DBA90F3008634E7 /* LoginView.swift */; };
		68CD1B0D2DBA96D5007CFF30 /* ChannelsListView.swift in Sources */ = {isa = PBXBuildFile; fileRef = 682D47EE2DBA9104008634E7 /* ChannelsListView.swift */; };
		68CD1B0F2DBA96D5007CFF30 /* ChatView.swift in Sources */ = {isa = PBXBuildFile; fileRef = 682D47ED2DBA90FA008634E7 /* ChatView.swift */; };
		68CD1B102DBA96D5007CFF30 /* MessageBubbleView.swift in Sources */ = {isa = PBXBuildFile; fileRef = 682D47F62DBA9159008634E7 /* MessageBubbleView.swift */; };
		68CD1B182DBA96E5007CFF30 /* Channel.swift in Sources */ = {isa = PBXBuildFile; fileRef = 682D47E12DBA9081008634E7 /* Channel.swift */; };
		68CD1B192DBA96E5007CFF30 /* ChatMessage.swift in Sources */ = {isa = PBXBuildFile; fileRef = 682D47E22DBA9086008634E7 /* ChatMessage.swift */; };
		68CD1B1F2DBA96F0007CFF30 /* AuthViewModel.swift in Sources */ = {isa = PBXBuildFile; fileRef = 682D47E62DBA90B7008634E7 /* AuthViewModel.swift */; };
		68CD1B202DBA96F0007CFF30 /* ChannelsViewModel.swift in Sources */ = {isa = PBXBuildFile; fileRef = 682D47E72DBA90C0008634E7 /* ChannelsViewModel.swift */; };
		68CD1B212DBA96F0007CFF30 /* ChatViewModel.swift in Sources */ = {isa = PBXBuildFile; fileRef = 682D47E82DBA90CA008634E7 /* ChatViewModel.swift */; };
		68CD1B242DBA995C007CFF30 /* SwiftOpenAI in Frameworks */ = {isa = PBXBuildFile; productRef = 68CD1B232DBA995C007CFF30 /* SwiftOpenAI */; };
		68CD1B282DBAA961007CFF30 /* Color+Theme.swift in Sources */ = {isa = PBXBuildFile; fileRef = 68CD1B272DBAA95D007CFF30 /* Color+Theme.swift */; };
/* End PBXBuildFile section */

/* Begin PBXFileReference section */
		680692A32DBD7AEE0083E9E0 /* RTDBService.swift */ = {isa = PBXFileReference; lastKnownFileType = sourcecode.swift; path = RTDBService.swift; sourceTree = "<group>"; };
		682960E42DBEAE6D0022C229 /* ProfileViewModel.swift */ = {isa = PBXFileReference; lastKnownFileType = sourcecode.swift; path = ProfileViewModel.swift; sourceTree = "<group>"; };
		682960E62DBEAE7C0022C229 /* ProfileView.swift */ = {isa = PBXFileReference; lastKnownFileType = sourcecode.swift; path = ProfileView.swift; sourceTree = "<group>"; };
		682D47CE2DBA8ED9008634E7 /* blip.app */ = {isa = PBXFileReference; explicitFileType = wrapper.application; includeInIndex = 0; path = blip.app; sourceTree = BUILT_PRODUCTS_DIR; };
		682D47D12DBA8ED9008634E7 /* ChatApp.swift */ = {isa = PBXFileReference; lastKnownFileType = sourcecode.swift; path = ChatApp.swift; sourceTree = "<group>"; };
		682D47D32DBA8ED9008634E7 /* ContentView.swift */ = {isa = PBXFileReference; lastKnownFileType = sourcecode.swift; path = ContentView.swift; sourceTree = "<group>"; };
		682D47D52DBA8EDB008634E7 /* Assets.xcassets */ = {isa = PBXFileReference; lastKnownFileType = folder.assetcatalog; path = Assets.xcassets; sourceTree = "<group>"; };
		682D47E12DBA9081008634E7 /* Channel.swift */ = {isa = PBXFileReference; lastKnownFileType = sourcecode.swift; path = Channel.swift; sourceTree = "<group>"; };
		682D47E22DBA9086008634E7 /* ChatMessage.swift */ = {isa = PBXFileReference; lastKnownFileType = sourcecode.swift; path = ChatMessage.swift; sourceTree = "<group>"; };
		682D47E62DBA90B7008634E7 /* AuthViewModel.swift */ = {isa = PBXFileReference; lastKnownFileType = sourcecode.swift; path = AuthViewModel.swift; sourceTree = "<group>"; };
		682D47E72DBA90C0008634E7 /* ChannelsViewModel.swift */ = {isa = PBXFileReference; lastKnownFileType = sourcecode.swift; path = ChannelsViewModel.swift; sourceTree = "<group>"; };
		682D47E82DBA90CA008634E7 /* ChatViewModel.swift */ = {isa = PBXFileReference; lastKnownFileType = sourcecode.swift; path = ChatViewModel.swift; sourceTree = "<group>"; };
		682D47EC2DBA90F3008634E7 /* LoginView.swift */ = {isa = PBXFileReference; lastKnownFileType = sourcecode.swift; path = LoginView.swift; sourceTree = "<group>"; };
		682D47ED2DBA90FA008634E7 /* ChatView.swift */ = {isa = PBXFileReference; lastKnownFileType = sourcecode.swift; path = ChatView.swift; sourceTree = "<group>"; };
		682D47EE2DBA9104008634E7 /* ChannelsListView.swift */ = {isa = PBXFileReference; lastKnownFileType = sourcecode.swift; path = ChannelsListView.swift; sourceTree = "<group>"; };
		682D47F62DBA9159008634E7 /* MessageBubbleView.swift */ = {isa = PBXFileReference; lastKnownFileType = sourcecode.swift; path = MessageBubbleView.swift; sourceTree = "<group>"; };
		682D47FC2DBA9196008634E7 /* ChannelRowView.swift */ = {isa = PBXFileReference; lastKnownFileType = sourcecode.swift; path = ChannelRowView.swift; sourceTree = "<group>"; };
		682D47FE2DBA91A8008634E7 /* FirestoreService.swift */ = {isa = PBXFileReference; lastKnownFileType = sourcecode.swift; path = FirestoreService.swift; sourceTree = "<group>"; };
		682D480F2DBA94AF008634E7 /* .gitignore */ = {isa = PBXFileReference; lastKnownFileType = text; path = .gitignore; sourceTree = "<group>"; };
		68CD1AFE2DBA952F007CFF30 /* GoogleService-Info.plist */ = {isa = PBXFileReference; lastKnownFileType = text.plist.xml; path = "GoogleService-Info.plist"; sourceTree = "<group>"; };
		68CD1B272DBAA95D007CFF30 /* Color+Theme.swift */ = {isa = PBXFileReference; lastKnownFileType = sourcecode.swift; path = "Color+Theme.swift"; sourceTree = "<group>"; };
/* End PBXFileReference section */

/* Begin PBXFrameworksBuildPhase section */
		682D47CB2DBA8ED9008634E7 /* Frameworks */ = {
			isa = PBXFrameworksBuildPhase;
			buildActionMask = 2147483647;
			files = (
				682D48032DBA9432008634E7 /* FirebaseAnalytics in Frameworks */,
				682D48072DBA9432008634E7 /* FirebaseCore in Frameworks */,
				682D48092DBA9432008634E7 /* FirebaseDatabase in Frameworks */,
				68CD1B242DBA995C007CFF30 /* SwiftOpenAI in Frameworks */,
				682D480B2DBA9432008634E7 /* FirebaseFirestore in Frameworks */,
				682D48052DBA9432008634E7 /* FirebaseAuth in Frameworks */,
				682D480D2DBA9432008634E7 /* FirebaseStorage in Frameworks */,
			);
			runOnlyForDeploymentPostprocessing = 0;
		};
/* End PBXFrameworksBuildPhase section */

/* Begin PBXGroup section */
		682D47C52DBA8ED9008634E7 = {
			isa = PBXGroup;
			children = (
				68CD1B272DBAA95D007CFF30 /* Color+Theme.swift */,
				682D480F2DBA94AF008634E7 /* .gitignore */,
				68CD1AFE2DBA952F007CFF30 /* GoogleService-Info.plist */,
				682D47D12DBA8ED9008634E7 /* ChatApp.swift */,
				682D47D32DBA8ED9008634E7 /* ContentView.swift */,
				682D47D52DBA8EDB008634E7 /* Assets.xcassets */,
				682D47DF2DBA8F30008634E7 /* Services */,
				682D47DE2DBA8F26008634E7 /* Views */,
				682D47DC2DBA8EF4008634E7 /* Models */,
				682D47DD2DBA8F11008634E7 /* ViewModels */,
				682D47CF2DBA8ED9008634E7 /* Products */,
			);
			sourceTree = "<group>";
		};
		682D47CF2DBA8ED9008634E7 /* Products */ = {
			isa = PBXGroup;
			children = (
				682D47CE2DBA8ED9008634E7 /* blip.app */,
			);
			name = Products;
			sourceTree = "<group>";
		};
		682D47DC2DBA8EF4008634E7 /* Models */ = {
			isa = PBXGroup;
			children = (
				682D47E22DBA9086008634E7 /* ChatMessage.swift */,
				682D47E12DBA9081008634E7 /* Channel.swift */,
			);
			path = Models;
			sourceTree = "<group>";
		};
		682D47DD2DBA8F11008634E7 /* ViewModels */ = {
			isa = PBXGroup;
			children = (
				682960E42DBEAE6D0022C229 /* ProfileViewModel.swift */,
				682D47E82DBA90CA008634E7 /* ChatViewModel.swift */,
				682D47E72DBA90C0008634E7 /* ChannelsViewModel.swift */,
				682D47E62DBA90B7008634E7 /* AuthViewModel.swift */,
			);
			path = ViewModels;
			sourceTree = "<group>";
		};
		682D47DE2DBA8F26008634E7 /* Views */ = {
			isa = PBXGroup;
			children = (
				682960E62DBEAE7C0022C229 /* ProfileView.swift */,
				682D47FC2DBA9196008634E7 /* ChannelRowView.swift */,
				682D47F62DBA9159008634E7 /* MessageBubbleView.swift */,
				682D47EE2DBA9104008634E7 /* ChannelsListView.swift */,
				682D47ED2DBA90FA008634E7 /* ChatView.swift */,
				682D47EC2DBA90F3008634E7 /* LoginView.swift */,
			);
			path = Views;
			sourceTree = "<group>";
		};
		682D47DF2DBA8F30008634E7 /* Services */ = {
			isa = PBXGroup;
			children = (
				680692A32DBD7AEE0083E9E0 /* RTDBService.swift */,
				682D47FE2DBA91A8008634E7 /* FirestoreService.swift */,
			);
			path = Services;
			sourceTree = "<group>";
		};
/* End PBXGroup section */

/* Begin PBXNativeTarget section */
		682D47CD2DBA8ED9008634E7 /* blip */ = {
			isa = PBXNativeTarget;
			buildConfigurationList = 682D47D92DBA8EDB008634E7 /* Build configuration list for PBXNativeTarget "blip" */;
			buildPhases = (
				682D47CA2DBA8ED9008634E7 /* Sources */,
				682D47CB2DBA8ED9008634E7 /* Frameworks */,
				682D47CC2DBA8ED9008634E7 /* Resources */,
			);
			buildRules = (
			);
			dependencies = (
			);
			name = blip;
			packageProductDependencies = (
				682D48022DBA9432008634E7 /* FirebaseAnalytics */,
				682D48042DBA9432008634E7 /* FirebaseAuth */,
				682D48062DBA9432008634E7 /* FirebaseCore */,
				682D48082DBA9432008634E7 /* FirebaseDatabase */,
				682D480A2DBA9432008634E7 /* FirebaseFirestore */,
				682D480C2DBA9432008634E7 /* FirebaseStorage */,
				68CD1B232DBA995C007CFF30 /* SwiftOpenAI */,
			);
			productName = blip;
			productReference = 682D47CE2DBA8ED9008634E7 /* blip.app */;
			productType = "com.apple.product-type.application";
		};
/* End PBXNativeTarget section */

/* Begin PBXProject section */
		682D47C62DBA8ED9008634E7 /* Project object */ = {
			isa = PBXProject;
			attributes = {
				BuildIndependentTargetsInParallel = 1;
				LastSwiftUpdateCheck = 1630;
				LastUpgradeCheck = 1630;
				TargetAttributes = {
					682D47CD2DBA8ED9008634E7 = {
						CreatedOnToolsVersion = 16.3;
					};
				};
			};
			buildConfigurationList = 682D47C92DBA8ED9008634E7 /* Build configuration list for PBXProject "blip" */;
			developmentRegion = en;
			hasScannedForEncodings = 0;
			knownRegions = (
				en,
				Base,
			);
			mainGroup = 682D47C52DBA8ED9008634E7;
			minimizedProjectReferenceProxies = 1;
			packageReferences = (
				682D48012DBA9432008634E7 /* XCRemoteSwiftPackageReference "firebase-ios-sdk" */,
				68CD1B222DBA995C007CFF30 /* XCRemoteSwiftPackageReference "SwiftOpenAI" */,
			);
			preferredProjectObjectVersion = 77;
			productRefGroup = 682D47CF2DBA8ED9008634E7 /* Products */;
			projectDirPath = "";
			projectRoot = "";
			targets = (
				682D47CD2DBA8ED9008634E7 /* blip */,
			);
		};
/* End PBXProject section */

/* Begin PBXResourcesBuildPhase section */
		682D47CC2DBA8ED9008634E7 /* Resources */ = {
			isa = PBXResourcesBuildPhase;
			buildActionMask = 2147483647;
			files = (
				682D48102DBA94B3008634E7 /* .gitignore in Resources */,
				682D47D62DBA8EDB008634E7 /* Assets.xcassets in Resources */,
				68CD1AFF2DBA952F007CFF30 /* GoogleService-Info.plist in Resources */,
			);
			runOnlyForDeploymentPostprocessing = 0;
		};
/* End PBXResourcesBuildPhase section */

/* Begin PBXSourcesBuildPhase section */
		682D47CA2DBA8ED9008634E7 /* Sources */ = {
			isa = PBXSourcesBuildPhase;
			buildActionMask = 2147483647;
			files = (
				68CD1B032DBA96C5007CFF30 /* FirestoreService.swift in Sources */,
				682960E52DBEAE710022C229 /* ProfileViewModel.swift in Sources */,
				680692A42DBD7AF30083E9E0 /* RTDBService.swift in Sources */,
				682D47D42DBA8ED9008634E7 /* ContentView.swift in Sources */,
				68CD1B062DBA96D5007CFF30 /* LoginView.swift in Sources */,
				68CD1B0D2DBA96D5007CFF30 /* ChannelsListView.swift in Sources */,
				68CD1B182DBA96E5007CFF30 /* Channel.swift in Sources */,
				68CD1B192DBA96E5007CFF30 /* ChatMessage.swift in Sources */,
				68CD1B0F2DBA96D5007CFF30 /* ChatView.swift in Sources */,
				68CD1B102DBA96D5007CFF30 /* MessageBubbleView.swift in Sources */,
				68CD1B052DBA96CF007CFF30 /* ChannelRowView.swift in Sources */,
				682960E72DBEAE7F0022C229 /* ProfileView.swift in Sources */,
				68CD1B1F2DBA96F0007CFF30 /* AuthViewModel.swift in Sources */,
				68CD1B202DBA96F0007CFF30 /* ChannelsViewModel.swift in Sources */,
				68CD1B212DBA96F0007CFF30 /* ChatViewModel.swift in Sources */,
				682D47D22DBA8ED9008634E7 /* ChatApp.swift in Sources */,
				68CD1B282DBAA961007CFF30 /* Color+Theme.swift in Sources */,
			);
			runOnlyForDeploymentPostprocessing = 0;
		};
/* End PBXSourcesBuildPhase section */

/* Begin XCBuildConfiguration section */
		682D47D72DBA8EDB008634E7 /* Debug */ = {
			isa = XCBuildConfiguration;
			buildSettings = {
				ALWAYS_SEARCH_USER_PATHS = NO;
				ASSETCATALOG_COMPILER_GENERATE_SWIFT_ASSET_SYMBOL_EXTENSIONS = YES;
				CLANG_ANALYZER_NONNULL = YES;
				CLANG_ANALYZER_NUMBER_OBJECT_CONVERSION = YES_AGGRESSIVE;
				CLANG_CXX_LANGUAGE_STANDARD = "gnu++20";
				CLANG_ENABLE_MODULES = YES;
				CLANG_ENABLE_OBJC_ARC = YES;
				CLANG_ENABLE_OBJC_WEAK = YES;
				CLANG_WARN_BLOCK_CAPTURE_AUTORELEASING = YES;
				CLANG_WARN_BOOL_CONVERSION = YES;
				CLANG_WARN_COMMA = YES;
				CLANG_WARN_CONSTANT_CONVERSION = YES;
				CLANG_WARN_DEPRECATED_OBJC_IMPLEMENTATIONS = YES;
				CLANG_WARN_DIRECT_OBJC_ISA_USAGE = YES_ERROR;
				CLANG_WARN_DOCUMENTATION_COMMENTS = YES;
				CLANG_WARN_EMPTY_BODY = YES;
				CLANG_WARN_ENUM_CONVERSION = YES;
				CLANG_WARN_INFINITE_RECURSION = YES;
				CLANG_WARN_INT_CONVERSION = YES;
				CLANG_WARN_NON_LITERAL_NULL_CONVERSION = YES;
				CLANG_WARN_OBJC_IMPLICIT_RETAIN_SELF = YES;
				CLANG_WARN_OBJC_LITERAL_CONVERSION = YES;
				CLANG_WARN_OBJC_ROOT_CLASS = YES_ERROR;
				CLANG_WARN_QUOTED_INCLUDE_IN_FRAMEWORK_HEADER = YES;
				CLANG_WARN_RANGE_LOOP_ANALYSIS = YES;
				CLANG_WARN_STRICT_PROTOTYPES = YES;
				CLANG_WARN_SUSPICIOUS_MOVE = YES;
				CLANG_WARN_UNGUARDED_AVAILABILITY = YES_AGGRESSIVE;
				CLANG_WARN_UNREACHABLE_CODE = YES;
				CLANG_WARN__DUPLICATE_METHOD_MATCH = YES;
				COPY_PHASE_STRIP = NO;
				DEBUG_INFORMATION_FORMAT = dwarf;
				ENABLE_STRICT_OBJC_MSGSEND = YES;
				ENABLE_TESTABILITY = YES;
				ENABLE_USER_SCRIPT_SANDBOXING = YES;
				GCC_C_LANGUAGE_STANDARD = gnu17;
				GCC_DYNAMIC_NO_PIC = NO;
				GCC_NO_COMMON_BLOCKS = YES;
				GCC_OPTIMIZATION_LEVEL = 0;
				GCC_PREPROCESSOR_DEFINITIONS = (
					"DEBUG=1",
					"$(inherited)",
				);
				GCC_WARN_64_TO_32_BIT_CONVERSION = YES;
				GCC_WARN_ABOUT_RETURN_TYPE = YES_ERROR;
				GCC_WARN_UNDECLARED_SELECTOR = YES;
				GCC_WARN_UNINITIALIZED_AUTOS = YES_AGGRESSIVE;
				GCC_WARN_UNUSED_FUNCTION = YES;
				GCC_WARN_UNUSED_VARIABLE = YES;
				IPHONEOS_DEPLOYMENT_TARGET = 18.4;
				LOCALIZATION_PREFERS_STRING_CATALOGS = YES;
				MTL_ENABLE_DEBUG_INFO = INCLUDE_SOURCE;
				MTL_FAST_MATH = YES;
				ONLY_ACTIVE_ARCH = YES;
				SDKROOT = iphoneos;
				SWIFT_ACTIVE_COMPILATION_CONDITIONS = "DEBUG $(inherited)";
				SWIFT_OPTIMIZATION_LEVEL = "-Onone";
			};
			name = Debug;
		};
		682D47D82DBA8EDB008634E7 /* Release */ = {
			isa = XCBuildConfiguration;
			buildSettings = {
				ALWAYS_SEARCH_USER_PATHS = NO;
				ASSETCATALOG_COMPILER_GENERATE_SWIFT_ASSET_SYMBOL_EXTENSIONS = YES;
				CLANG_ANALYZER_NONNULL = YES;
				CLANG_ANALYZER_NUMBER_OBJECT_CONVERSION = YES_AGGRESSIVE;
				CLANG_CXX_LANGUAGE_STANDARD = "gnu++20";
				CLANG_ENABLE_MODULES = YES;
				CLANG_ENABLE_OBJC_ARC = YES;
				CLANG_ENABLE_OBJC_WEAK = YES;
				CLANG_WARN_BLOCK_CAPTURE_AUTORELEASING = YES;
				CLANG_WARN_BOOL_CONVERSION = YES;
				CLANG_WARN_COMMA = YES;
				CLANG_WARN_CONSTANT_CONVERSION = YES;
				CLANG_WARN_DEPRECATED_OBJC_IMPLEMENTATIONS = YES;
				CLANG_WARN_DIRECT_OBJC_ISA_USAGE = YES_ERROR;
				CLANG_WARN_DOCUMENTATION_COMMENTS = YES;
				CLANG_WARN_EMPTY_BODY = YES;
				CLANG_WARN_ENUM_CONVERSION = YES;
				CLANG_WARN_INFINITE_RECURSION = YES;
				CLANG_WARN_INT_CONVERSION = YES;
				CLANG_WARN_NON_LITERAL_NULL_CONVERSION = YES;
				CLANG_WARN_OBJC_IMPLICIT_RETAIN_SELF = YES;
				CLANG_WARN_OBJC_LITERAL_CONVERSION = YES;
				CLANG_WARN_OBJC_ROOT_CLASS = YES_ERROR;
				CLANG_WARN_QUOTED_INCLUDE_IN_FRAMEWORK_HEADER = YES;
				CLANG_WARN_RANGE_LOOP_ANALYSIS = YES;
				CLANG_WARN_STRICT_PROTOTYPES = YES;
				CLANG_WARN_SUSPICIOUS_MOVE = YES;
				CLANG_WARN_UNGUARDED_AVAILABILITY = YES_AGGRESSIVE;
				CLANG_WARN_UNREACHABLE_CODE = YES;
				CLANG_WARN__DUPLICATE_METHOD_MATCH = YES;
				COPY_PHASE_STRIP = NO;
				DEBUG_INFORMATION_FORMAT = "dwarf-with-dsym";
				ENABLE_NS_ASSERTIONS = NO;
				ENABLE_STRICT_OBJC_MSGSEND = YES;
				ENABLE_USER_SCRIPT_SANDBOXING = YES;
				GCC_C_LANGUAGE_STANDARD = gnu17;
				GCC_NO_COMMON_BLOCKS = YES;
				GCC_WARN_64_TO_32_BIT_CONVERSION = YES;
				GCC_WARN_ABOUT_RETURN_TYPE = YES_ERROR;
				GCC_WARN_UNDECLARED_SELECTOR = YES;
				GCC_WARN_UNINITIALIZED_AUTOS = YES_AGGRESSIVE;
				GCC_WARN_UNUSED_FUNCTION = YES;
				GCC_WARN_UNUSED_VARIABLE = YES;
				IPHONEOS_DEPLOYMENT_TARGET = 18.4;
				LOCALIZATION_PREFERS_STRING_CATALOGS = YES;
				MTL_ENABLE_DEBUG_INFO = NO;
				MTL_FAST_MATH = YES;
				SDKROOT = iphoneos;
				SWIFT_COMPILATION_MODE = wholemodule;
				VALIDATE_PRODUCT = YES;
			};
			name = Release;
		};
		682D47DA2DBA8EDB008634E7 /* Debug */ = {
			isa = XCBuildConfiguration;
			buildSettings = {
				ASSETCATALOG_COMPILER_APPICON_NAME = AppIcon;
				ASSETCATALOG_COMPILER_GLOBAL_ACCENT_COLOR_NAME = AccentColor;
				CODE_SIGN_STYLE = Automatic;
				CURRENT_PROJECT_VERSION = 1;
				ENABLE_PREVIEWS = YES;
				GENERATE_INFOPLIST_FILE = YES;
				INFOPLIST_KEY_UIApplicationSceneManifest_Generation = YES;
				INFOPLIST_KEY_UIApplicationSupportsIndirectInputEvents = YES;
				INFOPLIST_KEY_UILaunchScreen_Generation = YES;
				INFOPLIST_KEY_UISupportedInterfaceOrientations_iPad = "UIInterfaceOrientationPortrait UIInterfaceOrientationPortraitUpsideDown UIInterfaceOrientationLandscapeLeft UIInterfaceOrientationLandscapeRight";
				INFOPLIST_KEY_UISupportedInterfaceOrientations_iPhone = "UIInterfaceOrientationPortrait UIInterfaceOrientationLandscapeLeft UIInterfaceOrientationLandscapeRight";
				LD_RUNPATH_SEARCH_PATHS = (
					"$(inherited)",
					"@executable_path/Frameworks",
				);
				MARKETING_VERSION = 1.0;
				PRODUCT_BUNDLE_IDENTIFIER = "CPSC-5330.blip";
				PRODUCT_NAME = "$(TARGET_NAME)";
				SWIFT_EMIT_LOC_STRINGS = YES;
				SWIFT_VERSION = 5.0;
				TARGETED_DEVICE_FAMILY = "1,2";
			};
			name = Debug;
		};
		682D47DB2DBA8EDB008634E7 /* Release */ = {
			isa = XCBuildConfiguration;
			buildSettings = {
				ASSETCATALOG_COMPILER_APPICON_NAME = AppIcon;
				ASSETCATALOG_COMPILER_GLOBAL_ACCENT_COLOR_NAME = AccentColor;
				CODE_SIGN_STYLE = Automatic;
				CURRENT_PROJECT_VERSION = 1;
				ENABLE_PREVIEWS = YES;
				GENERATE_INFOPLIST_FILE = YES;
				INFOPLIST_KEY_UIApplicationSceneManifest_Generation = YES;
				INFOPLIST_KEY_UIApplicationSupportsIndirectInputEvents = YES;
				INFOPLIST_KEY_UILaunchScreen_Generation = YES;
				INFOPLIST_KEY_UISupportedInterfaceOrientations_iPad = "UIInterfaceOrientationPortrait UIInterfaceOrientationPortraitUpsideDown UIInterfaceOrientationLandscapeLeft UIInterfaceOrientationLandscapeRight";
				INFOPLIST_KEY_UISupportedInterfaceOrientations_iPhone = "UIInterfaceOrientationPortrait UIInterfaceOrientationLandscapeLeft UIInterfaceOrientationLandscapeRight";
				LD_RUNPATH_SEARCH_PATHS = (
					"$(inherited)",
					"@executable_path/Frameworks",
				);
				MARKETING_VERSION = 1.0;
				PRODUCT_BUNDLE_IDENTIFIER = "CPSC-5330.blip";
				PRODUCT_NAME = "$(TARGET_NAME)";
				SWIFT_EMIT_LOC_STRINGS = YES;
				SWIFT_VERSION = 5.0;
				TARGETED_DEVICE_FAMILY = "1,2";
			};
			name = Release;
		};
/* End XCBuildConfiguration section */

/* Begin XCConfigurationList section */
		682D47C92DBA8ED9008634E7 /* Build configuration list for PBXProject "blip" */ = {
			isa = XCConfigurationList;
			buildConfigurations = (
				682D47D72DBA8EDB008634E7 /* Debug */,
				682D47D82DBA8EDB008634E7 /* Release */,
			);
			defaultConfigurationIsVisible = 0;
			defaultConfigurationName = Release;
		};
		682D47D92DBA8EDB008634E7 /* Build configuration list for PBXNativeTarget "blip" */ = {
			isa = XCConfigurationList;
			buildConfigurations = (
				682D47DA2DBA8EDB008634E7 /* Debug */,
				682D47DB2DBA8EDB008634E7 /* Release */,
			);
			defaultConfigurationIsVisible = 0;
			defaultConfigurationName = Release;
		};
/* End XCConfigurationList section */

/* Begin XCRemoteSwiftPackageReference section */
		682D48012DBA9432008634E7 /* XCRemoteSwiftPackageReference "firebase-ios-sdk" */ = {
			isa = XCRemoteSwiftPackageReference;
			repositoryURL = "https://github.com/firebase/firebase-ios-sdk";
			requirement = {
				kind = upToNextMajorVersion;
				minimumVersion = 11.12.0;
			};
		};
		68CD1B222DBA995C007CFF30 /* XCRemoteSwiftPackageReference "SwiftOpenAI" */ = {
			isa = XCRemoteSwiftPackageReference;
			repositoryURL = "https://github.com/jamesrochabrun/SwiftOpenAI";
			requirement = {
				kind = upToNextMajorVersion;
				minimumVersion = 2.0.0;
			};
		};
/* End XCRemoteSwiftPackageReference section */

/* Begin XCSwiftPackageProductDependency section */
		682D48022DBA9432008634E7 /* FirebaseAnalytics */ = {
			isa = XCSwiftPackageProductDependency;
			package = 682D48012DBA9432008634E7 /* XCRemoteSwiftPackageReference "firebase-ios-sdk" */;
			productName = FirebaseAnalytics;
		};
		682D48042DBA9432008634E7 /* FirebaseAuth */ = {
			isa = XCSwiftPackageProductDependency;
			package = 682D48012DBA9432008634E7 /* XCRemoteSwiftPackageReference "firebase-ios-sdk" */;
			productName = FirebaseAuth;
		};
		682D48062DBA9432008634E7 /* FirebaseCore */ = {
			isa = XCSwiftPackageProductDependency;
			package = 682D48012DBA9432008634E7 /* XCRemoteSwiftPackageReference "firebase-ios-sdk" */;
			productName = FirebaseCore;
		};
		682D48082DBA9432008634E7 /* FirebaseDatabase */ = {
			isa = XCSwiftPackageProductDependency;
			package = 682D48012DBA9432008634E7 /* XCRemoteSwiftPackageReference "firebase-ios-sdk" */;
			productName = FirebaseDatabase;
		};
		682D480A2DBA9432008634E7 /* FirebaseFirestore */ = {
			isa = XCSwiftPackageProductDependency;
			package = 682D48012DBA9432008634E7 /* XCRemoteSwiftPackageReference "firebase-ios-sdk" */;
			productName = FirebaseFirestore;
		};
		682D480C2DBA9432008634E7 /* FirebaseStorage */ = {
			isa = XCSwiftPackageProductDependency;
			package = 682D48012DBA9432008634E7 /* XCRemoteSwiftPackageReference "firebase-ios-sdk" */;
			productName = FirebaseStorage;
		};
		68CD1B232DBA995C007CFF30 /* SwiftOpenAI */ = {
			isa = XCSwiftPackageProductDependency;
			package = 68CD1B222DBA995C007CFF30 /* XCRemoteSwiftPackageReference "SwiftOpenAI" */;
			productName = SwiftOpenAI;
		};
/* End XCSwiftPackageProductDependency section */
	};
	rootObject = 682D47C62DBA8ED9008634E7 /* Project object */;
}
